
Microsoft Visual Studio Solution File, Format Version 12.00
# Visual Studio Version 17
VisualStudioVersion = 17.4.33110.190
MinimumVisualStudioVersion = 10.0.40219.1
Project("{FAE04EC0-301F-11D3-BF4B-00C04F79EFBC}") = "EventAndDelegate", "EventAndDelegate\EventAndDelegate.csproj", "{83CD422F-71DB-4B21-B726-89DE0D1F0152}"
EndProject
Project("{FAE04EC0-301F-11D3-BF4B-00C04F79EFBC}") = "ClassLibrary1", "ClassLibrary1\ClassLibrary1.csproj", "{6917D480-983C-4EB6-927D-B67E222130C1}"
EndProject
Global
	GlobalSection(SolutionConfigurationPlatforms) = preSolution
		Debug|Any CPU = Debug|Any CPU
		Release|Any CPU = Release|Any CPU
	EndGlobalSection
	GlobalSection(ProjectConfigurationPlatforms) = postSolution
		{83CD422F-71DB-4B21-B726-89DE0D1F0152}.Debug|Any CPU.ActiveCfg = Debug|Any CPU
		{83CD422F-71DB-4B21-B726-89DE0D1F0152}.Debug|Any CPU.Build.0 = Debug|Any CPU
		{83CD422F-71DB-4B21-B726-89DE0D1F0152}.Release|Any CPU.ActiveCfg = Release|Any CPU
		{83CD422F-71DB-4B21-B726-89DE0D1F0152}.Release|Any CPU.Build.0 = Release|Any CPU
		{6917D480-983C-4EB6-927D-B67E222130C1}.Debug|Any CPU.ActiveCfg = Debug|Any CPU
		{6917D480-983C-4EB6-927D-B67E222130C1}.Debug|Any CPU.Build.0 = Debug|Any CPU
		{6917D480-983C-4EB6-927D-B67E222130C1}.Release|Any CPU.ActiveCfg = Release|Any CPU
		{6917D480-983C-4EB6-927D-B67E222130C1}.Release|Any CPU.Build.0 = Release|Any CPU
	EndGlobalSection
	GlobalSection(SolutionProperties) = preSolution
		HideSolutionNode = FALSE
	EndGlobalSection
	GlobalSection(ExtensibilityGlobals) = postSolution
		SolutionGuid = {79C013DF-E914-4775-AFB9-9F4B75A0197D}
	EndGlobalSection
EndGlobal
