
Microsoft Visual Studio Solution File, Format Version 12.00
# Visual Studio Version 17
VisualStudioVersion = 17.12.35527.113
MinimumVisualStudioVersion = 10.0.40219.1
Project("{FAE04EC0-301F-11D3-BF4B-00C04F79EFBC}") = "WebService", "WebService\WebService.csproj", "{B88324EE-75C8-4325-B322-4021204E27A5}"
EndProject
Project("{FAE04EC0-301F-11D3-BF4B-00C04F79EFBC}") = "Domain", "Domain\Domain.csproj", "{78FF2683-9BEF-4B02-9A91-2C516BD21323}"
EndProject
Project("{FAE04EC0-301F-11D3-BF4B-00C04F79EFBC}") = "Services", "Services\Services.csproj", "{BCE49092-0A52-4958-9069-20A83170C365}"
EndProject
Project("{FAE04EC0-301F-11D3-BF4B-00C04F79EFBC}") = "ServiceCollector", "ServiceCollector\ServiceCollector.csproj", "{1EFEAE23-E788-470A-ADA6-736837C59BD4}"
EndProject
Global
	GlobalSection(SolutionConfigurationPlatforms) = preSolution
		Debug|Any CPU = Debug|Any CPU
		Release|Any CPU = Release|Any CPU
	EndGlobalSection
	GlobalSection(ProjectConfigurationPlatforms) = postSolution
		{B88324EE-75C8-4325-B322-4021204E27A5}.Debug|Any CPU.ActiveCfg = Debug|Any CPU
		{B88324EE-75C8-4325-B322-4021204E27A5}.Debug|Any CPU.Build.0 = Debug|Any CPU
		{B88324EE-75C8-4325-B322-4021204E27A5}.Release|Any CPU.ActiveCfg = Release|Any CPU
		{B88324EE-75C8-4325-B322-4021204E27A5}.Release|Any CPU.Build.0 = Release|Any CPU
		{78FF2683-9BEF-4B02-9A91-2C516BD21323}.Debug|Any CPU.ActiveCfg = Debug|Any CPU
		{78FF2683-9BEF-4B02-9A91-2C516BD21323}.Debug|Any CPU.Build.0 = Debug|Any CPU
		{78FF2683-9BEF-4B02-9A91-2C516BD21323}.Release|Any CPU.ActiveCfg = Release|Any CPU
		{78FF2683-9BEF-4B02-9A91-2C516BD21323}.Release|Any CPU.Build.0 = Release|Any CPU
		{BCE49092-0A52-4958-9069-20A83170C365}.Debug|Any CPU.ActiveCfg = Debug|Any CPU
		{BCE49092-0A52-4958-9069-20A83170C365}.Debug|Any CPU.Build.0 = Debug|Any CPU
		{BCE49092-0A52-4958-9069-20A83170C365}.Release|Any CPU.ActiveCfg = Release|Any CPU
		{BCE49092-0A52-4958-9069-20A83170C365}.Release|Any CPU.Build.0 = Release|Any CPU
		{1EFEAE23-E788-470A-ADA6-736837C59BD4}.Debug|Any CPU.ActiveCfg = Debug|Any CPU
		{1EFEAE23-E788-470A-ADA6-736837C59BD4}.Debug|Any CPU.Build.0 = Debug|Any CPU
		{1EFEAE23-E788-470A-ADA6-736837C59BD4}.Release|Any CPU.ActiveCfg = Release|Any CPU
		{1EFEAE23-E788-470A-ADA6-736837C59BD4}.Release|Any CPU.Build.0 = Release|Any CPU
	EndGlobalSection
	GlobalSection(SolutionProperties) = preSolution
		HideSolutionNode = FALSE
	EndGlobalSection
EndGlobal
